{
  "name": "remington-construction",
  "version": "1.0.0",
  "lockfileVersion": 1,
  "requires": true,
  "dependencies": {
    "angular": {
      "version": "1.6.3",
      "resolved": "https://registry.npmjs.org/angular/-/angular-1.6.3.tgz",
      "integrity": "sha1-XTS3mSNOj6F8ajoU4CWHM5NfQ+c="
    },
    "angular-animate": {
      "version": "1.6.3",
      "resolved": "https://registry.npmjs.org/angular-animate/-/angular-animate-1.6.3.tgz",
      "integrity": "sha1-0iihT0ek5QvqRO0Vu8RlHUTRlPU="
    },
    "angular-aria": {
      "version": "1.6.3",
      "resolved": "https://registry.npmjs.org/angular-aria/-/angular-aria-1.6.3.tgz",
      "integrity": "sha1-gUPS/fFiJAjMZpUJZzWZrNhcWGw="
    },
    "angular-material": {
      "version": "1.1.1",
      "resolved": "https://registry.npmjs.org/angular-material/-/angular-material-1.1.1.tgz",
      "integrity": "sha1-7RLzlLpxqRidZkEVYk9nh6dDmvI="
    },
    "angular-messages": {
      "version": "1.6.3",
      "resolved": "https://registry.npmjs.org/angular-messages/-/angular-messages-1.6.3.tgz",
      "integrity": "sha1-fL3u4gnV4tGdzJarc6xGoWihHbE="
    },
    "angular-resource": {
      "version": "1.6.3",
      "resolved": "https://registry.npmjs.org/angular-resource/-/angular-resource-1.6.3.tgz",
      "integrity": "sha1-pvtZQJKB485eI9s+VF8Lmv9wXlU="
    },
    "angular-scroll": {
      "version": "1.0.0",
      "resolved": "https://registry.npmjs.org/angular-scroll/-/angular-scroll-1.0.0.tgz",
      "integrity": "sha1-bJFvxcWhuHBqa1TOEh/yV0p7JL0="
    },
    "object-fit-images": {
      "version": "2.5.6",
      "resolved": "https://registry.npmjs.org/object-fit-images/-/object-fit-images-2.5.6.tgz",
      "integrity": "sha1-MANTu7OenzJR1sfDVchEKzBe+Uw="
    }
  }
}
